
Microsoft Visual Studio Solution File, Format Version 12.00
# Visual Studio 14
VisualStudioVersion = 14.0.25420.1
MinimumVisualStudioVersion = 10.0.40219.1
Project("{FAE04EC0-301F-11D3-BF4B-00C04F79EFBC}") = "AnonymousMethod", "AnonymousMethod\AnonymousMethod.csproj", "{A11E70AB-E795-4701-BE8C-A32EF8F5CAE5}"
EndProject
Project("{FAE04EC0-301F-11D3-BF4B-00C04F79EFBC}") = "Delegate", "Delegate\Delegate.csproj", "{C548581E-6024-4FFC-B5C0-E0957A1CEC2E}"
EndProject
Project("{FAE04EC0-301F-11D3-BF4B-00C04F79EFBC}") = "Event", "Event\Event.csproj", "{EFF5695E-A335-44A6-BCF6-1C8309D4A3FB}"
EndProject
Project("{FAE04EC0-301F-11D3-BF4B-00C04F79EFBC}") = "LambdaExpressions", "LambdaExpressions\LambdaExpressions.csproj", "{EA2E59C5-8A71-48F1-8C6A-16E7C01468D4}"
EndProject
Project("{FAE04EC0-301F-11D3-BF4B-00C04F79EFBC}") = "EventForm", "EventForm\EventForm.csproj", "{A8D0E957-E10E-4744-9CBE-D954D48272C0}"
EndProject
Project("{FAE04EC0-301F-11D3-BF4B-00C04F79EFBC}") = "AppModel", "AppModel\AppModel.csproj", "{BCCCA3AD-7018-4582-B64C-AACB864A6AE6}"
EndProject
Global
	GlobalSection(SolutionConfigurationPlatforms) = preSolution
		Debug|Any CPU = Debug|Any CPU
		Release|Any CPU = Release|Any CPU
	EndGlobalSection
	GlobalSection(ProjectConfigurationPlatforms) = postSolution
		{A11E70AB-E795-4701-BE8C-A32EF8F5CAE5}.Debug|Any CPU.ActiveCfg = Debug|Any CPU
		{A11E70AB-E795-4701-BE8C-A32EF8F5CAE5}.Debug|Any CPU.Build.0 = Debug|Any CPU
		{A11E70AB-E795-4701-BE8C-A32EF8F5CAE5}.Release|Any CPU.ActiveCfg = Release|Any CPU
		{A11E70AB-E795-4701-BE8C-A32EF8F5CAE5}.Release|Any CPU.Build.0 = Release|Any CPU
		{C548581E-6024-4FFC-B5C0-E0957A1CEC2E}.Debug|Any CPU.ActiveCfg = Debug|Any CPU
		{C548581E-6024-4FFC-B5C0-E0957A1CEC2E}.Debug|Any CPU.Build.0 = Debug|Any CPU
		{C548581E-6024-4FFC-B5C0-E0957A1CEC2E}.Release|Any CPU.ActiveCfg = Release|Any CPU
		{C548581E-6024-4FFC-B5C0-E0957A1CEC2E}.Release|Any CPU.Build.0 = Release|Any CPU
		{EFF5695E-A335-44A6-BCF6-1C8309D4A3FB}.Debug|Any CPU.ActiveCfg = Debug|Any CPU
		{EFF5695E-A335-44A6-BCF6-1C8309D4A3FB}.Debug|Any CPU.Build.0 = Debug|Any CPU
		{EFF5695E-A335-44A6-BCF6-1C8309D4A3FB}.Release|Any CPU.ActiveCfg = Release|Any CPU
		{EFF5695E-A335-44A6-BCF6-1C8309D4A3FB}.Release|Any CPU.Build.0 = Release|Any CPU
		{EA2E59C5-8A71-48F1-8C6A-16E7C01468D4}.Debug|Any CPU.ActiveCfg = Debug|Any CPU
		{EA2E59C5-8A71-48F1-8C6A-16E7C01468D4}.Debug|Any CPU.Build.0 = Debug|Any CPU
		{EA2E59C5-8A71-48F1-8C6A-16E7C01468D4}.Release|Any CPU.ActiveCfg = Release|Any CPU
		{EA2E59C5-8A71-48F1-8C6A-16E7C01468D4}.Release|Any CPU.Build.0 = Release|Any CPU
		{A8D0E957-E10E-4744-9CBE-D954D48272C0}.Debug|Any CPU.ActiveCfg = Debug|Any CPU
		{A8D0E957-E10E-4744-9CBE-D954D48272C0}.Debug|Any CPU.Build.0 = Debug|Any CPU
		{A8D0E957-E10E-4744-9CBE-D954D48272C0}.Release|Any CPU.ActiveCfg = Release|Any CPU
		{A8D0E957-E10E-4744-9CBE-D954D48272C0}.Release|Any CPU.Build.0 = Release|Any CPU
		{BCCCA3AD-7018-4582-B64C-AACB864A6AE6}.Debug|Any CPU.ActiveCfg = Debug|Any CPU
		{BCCCA3AD-7018-4582-B64C-AACB864A6AE6}.Debug|Any CPU.Build.0 = Debug|Any CPU
		{BCCCA3AD-7018-4582-B64C-AACB864A6AE6}.Release|Any CPU.ActiveCfg = Release|Any CPU
		{BCCCA3AD-7018-4582-B64C-AACB864A6AE6}.Release|Any CPU.Build.0 = Release|Any CPU
	EndGlobalSection
	GlobalSection(SolutionProperties) = preSolution
		HideSolutionNode = FALSE
	EndGlobalSection
EndGlobal
